
Microsoft Visual Studio Solution File, Format Version 12.00
# Visual Studio Version 16
VisualStudioVersion = 16.0.29905.134
MinimumVisualStudioVersion = 10.0.40219.1
Project("{8BC9CEB8-8B4A-11D0-8D11-00A0C91BC942}") = "lab_11", "lab_11\lab_11.vcxproj", "{E344E5F8-5B2E-425B-A968-6047AE4094D6}"
EndProject
Global
	GlobalSection(SolutionConfigurationPlatforms) = preSolution
		Debug|x64 = Debug|x64
		Debug|x86 = Debug|x86
		Release|x64 = Release|x64
		Release|x86 = Release|x86
	EndGlobalSection
	GlobalSection(ProjectConfigurationPlatforms) = postSolution
		{E344E5F8-5B2E-425B-A968-6047AE4094D6}.Debug|x64.ActiveCfg = Debug|x64
		{E344E5F8-5B2E-425B-A968-6047AE4094D6}.Debug|x64.Build.0 = Debug|x64
		{E344E5F8-5B2E-425B-A968-6047AE4094D6}.Debug|x86.ActiveCfg = Debug|Win32
		{E344E5F8-5B2E-425B-A968-6047AE4094D6}.Debug|x86.Build.0 = Debug|Win32
		{E344E5F8-5B2E-425B-A968-6047AE4094D6}.Release|x64.ActiveCfg = Release|x64
		{E344E5F8-5B2E-425B-A968-6047AE4094D6}.Release|x64.Build.0 = Release|x64
		{E344E5F8-5B2E-425B-A968-6047AE4094D6}.Release|x86.ActiveCfg = Release|Win32
		{E344E5F8-5B2E-425B-A968-6047AE4094D6}.Release|x86.Build.0 = Release|Win32
	EndGlobalSection
	GlobalSection(SolutionProperties) = preSolution
		HideSolutionNode = FALSE
	EndGlobalSection
	GlobalSection(ExtensibilityGlobals) = postSolution
		SolutionGuid = {DE4882DF-4626-466A-B1D8-02F1D5A10248}
	EndGlobalSection
EndGlobal
