
Microsoft Visual Studio Solution File, Format Version 12.00
# Visual Studio Version 16
VisualStudioVersion = 16.0.29806.167
MinimumVisualStudioVersion = 10.0.40219.1
Project("{8BC9CEB8-8B4A-11D0-8D11-00A0C91BC942}") = "Lab_2.2", "Lab_2.2\Lab_2.2.vcxproj", "{FAB547CC-3562-452C-8CF3-49C2989A4CAB}"
EndProject
Global
	GlobalSection(SolutionConfigurationPlatforms) = preSolution
		Debug|x64 = Debug|x64
		Debug|x86 = Debug|x86
		Release|x64 = Release|x64
		Release|x86 = Release|x86
	EndGlobalSection
	GlobalSection(ProjectConfigurationPlatforms) = postSolution
		{FAB547CC-3562-452C-8CF3-49C2989A4CAB}.Debug|x64.ActiveCfg = Debug|x64
		{FAB547CC-3562-452C-8CF3-49C2989A4CAB}.Debug|x64.Build.0 = Debug|x64
		{FAB547CC-3562-452C-8CF3-49C2989A4CAB}.Debug|x86.ActiveCfg = Debug|Win32
		{FAB547CC-3562-452C-8CF3-49C2989A4CAB}.Debug|x86.Build.0 = Debug|Win32
		{FAB547CC-3562-452C-8CF3-49C2989A4CAB}.Release|x64.ActiveCfg = Release|x64
		{FAB547CC-3562-452C-8CF3-49C2989A4CAB}.Release|x64.Build.0 = Release|x64
		{FAB547CC-3562-452C-8CF3-49C2989A4CAB}.Release|x86.ActiveCfg = Release|Win32
		{FAB547CC-3562-452C-8CF3-49C2989A4CAB}.Release|x86.Build.0 = Release|Win32
	EndGlobalSection
	GlobalSection(SolutionProperties) = preSolution
		HideSolutionNode = FALSE
	EndGlobalSection
	GlobalSection(ExtensibilityGlobals) = postSolution
		SolutionGuid = {3B9893E8-8A04-407C-AE83-22D7A646F1F3}
	EndGlobalSection
EndGlobal
